{
    "_readme": [
        "This file locks the dependencies of your project to a known state",
        "Read more about it at https://getcomposer.org/doc/01-basic-usage.md#composer-lock-the-lock-file",
        "This file is @generated automatically"
    ],
    "content-hash": "834353ec1944c53500738286214f6779",
    "packages": [
        {
            "name": "yivi/very-simple-html-writer",
            "version": "0.1.0",
            "source": {
                "type": "git",
                "url": "https://github.com/yivi/VerySimpleHtmlWriter.git",
                "reference": "248a2bbde0e2e0085421d76e8570b045c810f6d0"
            },
            "dist": {
                "type": "zip",
                "url": "https://api.github.com/repos/yivi/VerySimpleHtmlWriter/zipball/248a2bbde0e2e0085421d76e8570b045c810f6d0",
                "reference": "248a2bbde0e2e0085421d76e8570b045c810f6d0",
                "shasum": ""
            },
            "require": {
                "php": "^7.1"
            },
            "type": "library",
            "autoload": {
                "psr-4": {
                    "Yivoff\\VerySimpleHtmlWriter\\": "VerySimpleHtmlWriter/"
                }
            },
            "notification-url": "https://packagist.org/downloads/",
            "license": [
                "GPL-3.0-or-later"
            ],
            "authors": [
                {
                    "name": "yivi",
                    "email": "ivan+packagist@yivoff.com"
                }
            ],
            "description": "This is a very simple HTML writer",
            "time": "2018-04-11T16:29:27+00:00"
        }
    ],
    "packages-dev": [],
    "aliases": [],
    "minimum-stability": "dev",
    "stability-flags": [],
    "prefer-stable": false,
    "prefer-lowest": false,
    "platform": {
        "php": "^7.1"
    },
    "platform-dev": []
}
